
Microsoft Visual Studio Solution File, Format Version 12.00
# Visual Studio 2015
Project("{FAE04EC0-301F-11D3-BF4B-00C04F79EFBC}") = "skripshit.CSharp", "skripshit.CSharp.csproj", "{D4794D60-3217-750E-711E-4F85587ABBCA}"
EndProject
Project("{FAE04EC0-301F-11D3-BF4B-00C04F79EFBC}") = "skripshit.CSharp.Editor", "skripshit.CSharp.Editor.csproj", "{4B0D1C16-DCC7-FA1F-03DE-E37227867E70}"
EndProject
Global
	GlobalSection(SolutionConfigurationPlatforms) = preSolution
		Debug|Any CPU = Debug|Any CPU
		Release|Any CPU = Release|Any CPU
	EndGlobalSection
	GlobalSection(ProjectConfigurationPlatforms) = postSolution
		{D4794D60-3217-750E-711E-4F85587ABBCA}.Debug|Any CPU.ActiveCfg = Debug|Any CPU
		{D4794D60-3217-750E-711E-4F85587ABBCA}.Debug|Any CPU.Build.0 = Debug|Any CPU
		{D4794D60-3217-750E-711E-4F85587ABBCA}.Release|Any CPU.ActiveCfg = Release|Any CPU
		{D4794D60-3217-750E-711E-4F85587ABBCA}.Release|Any CPU.Build.0 = Release|Any CPU
		{4B0D1C16-DCC7-FA1F-03DE-E37227867E70}.Debug|Any CPU.ActiveCfg = Debug|Any CPU
		{4B0D1C16-DCC7-FA1F-03DE-E37227867E70}.Debug|Any CPU.Build.0 = Debug|Any CPU
		{4B0D1C16-DCC7-FA1F-03DE-E37227867E70}.Release|Any CPU.ActiveCfg = Release|Any CPU
		{4B0D1C16-DCC7-FA1F-03DE-E37227867E70}.Release|Any CPU.Build.0 = Release|Any CPU
	EndGlobalSection
	GlobalSection(SolutionProperties) = preSolution
		HideSolutionNode = FALSE
	EndGlobalSection
EndGlobal
